
Microsoft Visual Studio Solution File, Format Version 12.00
# Visual Studio Version 16
VisualStudioVersion = 16.0.31321.278
MinimumVisualStudioVersion = 10.0.40219.1
Project("{9A19103F-16F7-4668-BE54-9A1E7A4F7556}") = "Testing", "Testing\Testing.csproj", "{FB3FDD34-2344-4494-8C96-02E83E55C6BF}"
EndProject
Project("{9A19103F-16F7-4668-BE54-9A1E7A4F7556}") = "Domain", "Domain\Domain.csproj", "{08A8FA9F-8ED3-45BD-BDD2-A5D4037DE514}"
EndProject
Project("{FAE04EC0-301F-11D3-BF4B-00C04F79EFBC}") = "Utilities", "Utilities\Utilities.csproj", "{4D1D5F14-D8CC-4F2C-AF9F-3002C1D19AA1}"
EndProject
Global
	GlobalSection(SolutionConfigurationPlatforms) = preSolution
		Debug|Any CPU = Debug|Any CPU
		Release|Any CPU = Release|Any CPU
	EndGlobalSection
	GlobalSection(ProjectConfigurationPlatforms) = postSolution
		{FB3FDD34-2344-4494-8C96-02E83E55C6BF}.Debug|Any CPU.ActiveCfg = Debug|Any CPU
		{FB3FDD34-2344-4494-8C96-02E83E55C6BF}.Debug|Any CPU.Build.0 = Debug|Any CPU
		{FB3FDD34-2344-4494-8C96-02E83E55C6BF}.Release|Any CPU.ActiveCfg = Release|Any CPU
		{FB3FDD34-2344-4494-8C96-02E83E55C6BF}.Release|Any CPU.Build.0 = Release|Any CPU
		{08A8FA9F-8ED3-45BD-BDD2-A5D4037DE514}.Debug|Any CPU.ActiveCfg = Debug|Any CPU
		{08A8FA9F-8ED3-45BD-BDD2-A5D4037DE514}.Debug|Any CPU.Build.0 = Debug|Any CPU
		{08A8FA9F-8ED3-45BD-BDD2-A5D4037DE514}.Release|Any CPU.ActiveCfg = Release|Any CPU
		{08A8FA9F-8ED3-45BD-BDD2-A5D4037DE514}.Release|Any CPU.Build.0 = Release|Any CPU
		{4D1D5F14-D8CC-4F2C-AF9F-3002C1D19AA1}.Debug|Any CPU.ActiveCfg = Debug|Any CPU
		{4D1D5F14-D8CC-4F2C-AF9F-3002C1D19AA1}.Debug|Any CPU.Build.0 = Debug|Any CPU
		{4D1D5F14-D8CC-4F2C-AF9F-3002C1D19AA1}.Release|Any CPU.ActiveCfg = Release|Any CPU
		{4D1D5F14-D8CC-4F2C-AF9F-3002C1D19AA1}.Release|Any CPU.Build.0 = Release|Any CPU
	EndGlobalSection
	GlobalSection(SolutionProperties) = preSolution
		HideSolutionNode = FALSE
	EndGlobalSection
	GlobalSection(ExtensibilityGlobals) = postSolution
		SolutionGuid = {082EC3AD-ADDA-4363-B2B7-F878227E7869}
	EndGlobalSection
EndGlobal
