
Microsoft Visual Studio Solution File, Format Version 12.00
# Visual Studio Version 16
VisualStudioVersion = 16.0.31321.278
MinimumVisualStudioVersion = 10.0.40219.1
Project("{9A19103F-16F7-4668-BE54-9A1E7A4F7556}") = "DomainTest", "DomainTest\DomainTest.csproj", "{FB3FDD34-2344-4494-8C96-02E83E55C6BF}"
EndProject
Project("{9A19103F-16F7-4668-BE54-9A1E7A4F7556}") = "Domain", "Domain\Domain.csproj", "{08A8FA9F-8ED3-45BD-BDD2-A5D4037DE514}"
EndProject
Project("{9A19103F-16F7-4668-BE54-9A1E7A4F7556}") = "Utilities", "Utilities\Utilities.csproj", "{4D1D5F14-D8CC-4F2C-AF9F-3002C1D19AA1}"
EndProject
Project("{9A19103F-16F7-4668-BE54-9A1E7A4F7556}") = "DataAccessTest", "DataAccessTest\DataAccessTest.csproj", "{5C4FD891-CA13-4268-AA35-54813E2B48C0}"
EndProject
Project("{9A19103F-16F7-4668-BE54-9A1E7A4F7556}") = "DataAccess", "DataAccess\DataAccess.csproj", "{857407F0-165B-48EE-8536-FB4927EBF7C7}"
EndProject
Project("{9A19103F-16F7-4668-BE54-9A1E7A4F7556}") = "DataAccessInterface", "DataAccessInterface\DataAccessInterface.csproj", "{5E3AD873-6771-4D3D-BD4B-D38633E42AE0}"
EndProject
Project("{FAE04EC0-301F-11D3-BF4B-00C04F79EFBC}") = "BusinessLogicTest", "BusinessLogicTest\BusinessLogicTest.csproj", "{EECAE179-A9B8-4226-993E-8DED94F880FD}"
EndProject
Project("{FAE04EC0-301F-11D3-BF4B-00C04F79EFBC}") = "BusinessLogic", "BusinessLogic\BusinessLogic.csproj", "{12F68EC4-A0EA-4928-8940-38444D90CCC2}"
EndProject
Project("{FAE04EC0-301F-11D3-BF4B-00C04F79EFBC}") = "BusinessLogicInterface", "BusinessLogicInterface\BusinessLogicInterface.csproj", "{B7989F3F-9FD3-49A9-ABCF-6ACE1E062F01}"
EndProject
Project("{FAE04EC0-301F-11D3-BF4B-00C04F79EFBC}") = "WebApiTest", "WebApiTest\WebApiTest.csproj", "{7573E814-58D6-46DA-A65B-FA84022F6E7E}"
EndProject
Project("{FAE04EC0-301F-11D3-BF4B-00C04F79EFBC}") = "WebApi", "WebApi\WebApi.csproj", "{DCA6D450-A05F-4D64-BEFF-BCAAFDC0509E}"
EndProject
Project("{FAE04EC0-301F-11D3-BF4B-00C04F79EFBC}") = "Factory", "Factory\Factory.csproj", "{31CE18A6-71FE-4523-A0FA-3873EFA85A55}"
EndProject
Global
	GlobalSection(SolutionConfigurationPlatforms) = preSolution
		Debug|Any CPU = Debug|Any CPU
		Release|Any CPU = Release|Any CPU
	EndGlobalSection
	GlobalSection(ProjectConfigurationPlatforms) = postSolution
		{FB3FDD34-2344-4494-8C96-02E83E55C6BF}.Debug|Any CPU.ActiveCfg = Debug|Any CPU
		{FB3FDD34-2344-4494-8C96-02E83E55C6BF}.Debug|Any CPU.Build.0 = Debug|Any CPU
		{FB3FDD34-2344-4494-8C96-02E83E55C6BF}.Release|Any CPU.ActiveCfg = Release|Any CPU
		{FB3FDD34-2344-4494-8C96-02E83E55C6BF}.Release|Any CPU.Build.0 = Release|Any CPU
		{08A8FA9F-8ED3-45BD-BDD2-A5D4037DE514}.Debug|Any CPU.ActiveCfg = Debug|Any CPU
		{08A8FA9F-8ED3-45BD-BDD2-A5D4037DE514}.Debug|Any CPU.Build.0 = Debug|Any CPU
		{08A8FA9F-8ED3-45BD-BDD2-A5D4037DE514}.Release|Any CPU.ActiveCfg = Release|Any CPU
		{08A8FA9F-8ED3-45BD-BDD2-A5D4037DE514}.Release|Any CPU.Build.0 = Release|Any CPU
		{4D1D5F14-D8CC-4F2C-AF9F-3002C1D19AA1}.Debug|Any CPU.ActiveCfg = Debug|Any CPU
		{4D1D5F14-D8CC-4F2C-AF9F-3002C1D19AA1}.Debug|Any CPU.Build.0 = Debug|Any CPU
		{4D1D5F14-D8CC-4F2C-AF9F-3002C1D19AA1}.Release|Any CPU.ActiveCfg = Release|Any CPU
		{4D1D5F14-D8CC-4F2C-AF9F-3002C1D19AA1}.Release|Any CPU.Build.0 = Release|Any CPU
		{5C4FD891-CA13-4268-AA35-54813E2B48C0}.Debug|Any CPU.ActiveCfg = Debug|Any CPU
		{5C4FD891-CA13-4268-AA35-54813E2B48C0}.Debug|Any CPU.Build.0 = Debug|Any CPU
		{5C4FD891-CA13-4268-AA35-54813E2B48C0}.Release|Any CPU.ActiveCfg = Release|Any CPU
		{5C4FD891-CA13-4268-AA35-54813E2B48C0}.Release|Any CPU.Build.0 = Release|Any CPU
		{857407F0-165B-48EE-8536-FB4927EBF7C7}.Debug|Any CPU.ActiveCfg = Debug|Any CPU
		{857407F0-165B-48EE-8536-FB4927EBF7C7}.Debug|Any CPU.Build.0 = Debug|Any CPU
		{857407F0-165B-48EE-8536-FB4927EBF7C7}.Release|Any CPU.ActiveCfg = Release|Any CPU
		{857407F0-165B-48EE-8536-FB4927EBF7C7}.Release|Any CPU.Build.0 = Release|Any CPU
		{5E3AD873-6771-4D3D-BD4B-D38633E42AE0}.Debug|Any CPU.ActiveCfg = Debug|Any CPU
		{5E3AD873-6771-4D3D-BD4B-D38633E42AE0}.Debug|Any CPU.Build.0 = Debug|Any CPU
		{5E3AD873-6771-4D3D-BD4B-D38633E42AE0}.Release|Any CPU.ActiveCfg = Release|Any CPU
		{5E3AD873-6771-4D3D-BD4B-D38633E42AE0}.Release|Any CPU.Build.0 = Release|Any CPU
		{EECAE179-A9B8-4226-993E-8DED94F880FD}.Debug|Any CPU.ActiveCfg = Debug|Any CPU
		{EECAE179-A9B8-4226-993E-8DED94F880FD}.Debug|Any CPU.Build.0 = Debug|Any CPU
		{EECAE179-A9B8-4226-993E-8DED94F880FD}.Release|Any CPU.ActiveCfg = Release|Any CPU
		{EECAE179-A9B8-4226-993E-8DED94F880FD}.Release|Any CPU.Build.0 = Release|Any CPU
		{12F68EC4-A0EA-4928-8940-38444D90CCC2}.Debug|Any CPU.ActiveCfg = Debug|Any CPU
		{12F68EC4-A0EA-4928-8940-38444D90CCC2}.Debug|Any CPU.Build.0 = Debug|Any CPU
		{12F68EC4-A0EA-4928-8940-38444D90CCC2}.Release|Any CPU.ActiveCfg = Release|Any CPU
		{12F68EC4-A0EA-4928-8940-38444D90CCC2}.Release|Any CPU.Build.0 = Release|Any CPU
		{B7989F3F-9FD3-49A9-ABCF-6ACE1E062F01}.Debug|Any CPU.ActiveCfg = Debug|Any CPU
		{B7989F3F-9FD3-49A9-ABCF-6ACE1E062F01}.Debug|Any CPU.Build.0 = Debug|Any CPU
		{B7989F3F-9FD3-49A9-ABCF-6ACE1E062F01}.Release|Any CPU.ActiveCfg = Release|Any CPU
		{B7989F3F-9FD3-49A9-ABCF-6ACE1E062F01}.Release|Any CPU.Build.0 = Release|Any CPU
		{7573E814-58D6-46DA-A65B-FA84022F6E7E}.Debug|Any CPU.ActiveCfg = Debug|Any CPU
		{7573E814-58D6-46DA-A65B-FA84022F6E7E}.Debug|Any CPU.Build.0 = Debug|Any CPU
		{7573E814-58D6-46DA-A65B-FA84022F6E7E}.Release|Any CPU.ActiveCfg = Release|Any CPU
		{7573E814-58D6-46DA-A65B-FA84022F6E7E}.Release|Any CPU.Build.0 = Release|Any CPU
		{DCA6D450-A05F-4D64-BEFF-BCAAFDC0509E}.Debug|Any CPU.ActiveCfg = Debug|Any CPU
		{DCA6D450-A05F-4D64-BEFF-BCAAFDC0509E}.Debug|Any CPU.Build.0 = Debug|Any CPU
		{DCA6D450-A05F-4D64-BEFF-BCAAFDC0509E}.Release|Any CPU.ActiveCfg = Release|Any CPU
		{DCA6D450-A05F-4D64-BEFF-BCAAFDC0509E}.Release|Any CPU.Build.0 = Release|Any CPU
		{31CE18A6-71FE-4523-A0FA-3873EFA85A55}.Debug|Any CPU.ActiveCfg = Debug|Any CPU
		{31CE18A6-71FE-4523-A0FA-3873EFA85A55}.Debug|Any CPU.Build.0 = Debug|Any CPU
		{31CE18A6-71FE-4523-A0FA-3873EFA85A55}.Release|Any CPU.ActiveCfg = Release|Any CPU
		{31CE18A6-71FE-4523-A0FA-3873EFA85A55}.Release|Any CPU.Build.0 = Release|Any CPU
	EndGlobalSection
	GlobalSection(SolutionProperties) = preSolution
		HideSolutionNode = FALSE
	EndGlobalSection
	GlobalSection(ExtensibilityGlobals) = postSolution
		SolutionGuid = {082EC3AD-ADDA-4363-B2B7-F878227E7869}
	EndGlobalSection
EndGlobal
